
Microsoft Visual Studio Solution File, Format Version 12.00
# Visual Studio Version 17
VisualStudioVersion = 17.13.35825.156 d17.13
MinimumVisualStudioVersion = 10.0.40219.1
Project("{FAE04EC0-301F-11D3-BF4B-00C04F79EFBC}") = "JogoDeAdivinhacaoConsoleApp1", "JogoDeAdivinhacaoConsoleApp1\JogoDeAdivinhacaoConsoleApp1.csproj", "{4B336783-12AF-4724-8DB4-A70443C10D9D}"
EndProject
Global
	GlobalSection(SolutionConfigurationPlatforms) = preSolution
		Debug|Any CPU = Debug|Any CPU
		Release|Any CPU = Release|Any CPU
	EndGlobalSection
	GlobalSection(ProjectConfigurationPlatforms) = postSolution
		{4B336783-12AF-4724-8DB4-A70443C10D9D}.Debug|Any CPU.ActiveCfg = Debug|Any CPU
		{4B336783-12AF-4724-8DB4-A70443C10D9D}.Debug|Any CPU.Build.0 = Debug|Any CPU
		{4B336783-12AF-4724-8DB4-A70443C10D9D}.Release|Any CPU.ActiveCfg = Release|Any CPU
		{4B336783-12AF-4724-8DB4-A70443C10D9D}.Release|Any CPU.Build.0 = Release|Any CPU
	EndGlobalSection
	GlobalSection(SolutionProperties) = preSolution
		HideSolutionNode = FALSE
	EndGlobalSection
	GlobalSection(ExtensibilityGlobals) = postSolution
		SolutionGuid = {4F4477F8-173F-4691-96EC-4D568C9017E3}
	EndGlobalSection
EndGlobal
